
Microsoft Visual Studio Solution File, Format Version 12.00
# Visual Studio Version 17
VisualStudioVersion = 17.6.33815.320
MinimumVisualStudioVersion = 10.0.40219.1
Project("{FAE04EC0-301F-11D3-BF4B-00C04F79EFBC}") = "Challenge .NET Mechanic's WorkShop", "Challenge .NET Mechanic's WorkShop\Challenge .NET Mechanic's WorkShop.csproj", "{000B9C46-8322-4EC3-BA3A-9ED14C85B44D}"
EndProject
Global
	GlobalSection(SolutionConfigurationPlatforms) = preSolution
		Debug|Any CPU = Debug|Any CPU
		Release|Any CPU = Release|Any CPU
	EndGlobalSection
	GlobalSection(ProjectConfigurationPlatforms) = postSolution
		{000B9C46-8322-4EC3-BA3A-9ED14C85B44D}.Debug|Any CPU.ActiveCfg = Debug|Any CPU
		{000B9C46-8322-4EC3-BA3A-9ED14C85B44D}.Debug|Any CPU.Build.0 = Debug|Any CPU
		{000B9C46-8322-4EC3-BA3A-9ED14C85B44D}.Release|Any CPU.ActiveCfg = Release|Any CPU
		{000B9C46-8322-4EC3-BA3A-9ED14C85B44D}.Release|Any CPU.Build.0 = Release|Any CPU
	EndGlobalSection
	GlobalSection(SolutionProperties) = preSolution
		HideSolutionNode = FALSE
	EndGlobalSection
	GlobalSection(ExtensibilityGlobals) = postSolution
		SolutionGuid = {6B5A3C61-8324-4954-A578-DBDF22946FF9}
	EndGlobalSection
EndGlobal
